# THIS IS AN AUTOGENERATED FILE. DO NOT EDIT THIS FILE DIRECTLY.
# yarn lockfile v1


int53@^0.2.4:
  version "0.2.4"
  resolved "https://registry.yarnpkg.com/int53/-/int53-0.2.4.tgz#5ed8d7aad6c5c6567cae69aa7ffc4a109ee80f86"

varstruct@^6.1.1:
  version "6.1.1"
  resolved "https://registry.yarnpkg.com/varstruct/-/varstruct-6.1.1.tgz#42d4347fbd91f58ce7862f78607dd1813bd45036"
  dependencies:
    int53 "^0.2.4"
